
Microsoft Visual Studio Solution File, Format Version 12.00
# Visual Studio 15
VisualStudioVersion = 15.0.27130.2010
MinimumVisualStudioVersion = 10.0.40219.1
Project("{FAE04EC0-301F-11D3-BF4B-00C04F79EFBC}") = "Screener.WinApp", "Screener.WinApp\Screener.WinApp.csproj", "{E0DA2674-7F6D-47C8-8299-9D50B72DAF29}"
	ProjectSection(ProjectDependencies) = postProject
		{BF662DF8-313D-4B42-AEAF-B6A6C0B1B25E} = {BF662DF8-313D-4B42-AEAF-B6A6C0B1B25E}
	EndProjectSection
EndProject
Project("{FAE04EC0-301F-11D3-BF4B-00C04F79EFBC}") = "Screener.Server", "Screener.Server\Screener.Server.csproj", "{BF662DF8-313D-4B42-AEAF-B6A6C0B1B25E}"
EndProject
Project("{FAE04EC0-301F-11D3-BF4B-00C04F79EFBC}") = "Screener.Client.Test", "Screener.Client.Test\Screener.Client.Test.csproj", "{D1E0C3AE-A447-4F05-9E84-F4FA61B30027}"
EndProject
Project("{FAE04EC0-301F-11D3-BF4B-00C04F79EFBC}") = "Screener.MobileApp.Android", "Screener.MobileApp\Screener.MobileApp.Android\Screener.MobileApp.Android.csproj", "{3CDD341B-4B54-457C-ACA6-9B81FCD7593F}"
EndProject
Project("{FAE04EC0-301F-11D3-BF4B-00C04F79EFBC}") = "Screener.MobileApp.iOS", "Screener.MobileApp\Screener.MobileApp.iOS\Screener.MobileApp.iOS.csproj", "{31570BA0-58B4-4E2A-9E07-F8A2995989EC}"
EndProject
Project("{FAE04EC0-301F-11D3-BF4B-00C04F79EFBC}") = "Screener.MobileApp.UWP", "Screener.MobileApp\Screener.MobileApp.UWP\Screener.MobileApp.UWP.csproj", "{14F92425-FA39-4861-A00C-F9F8B7184CA4}"
EndProject
Project("{D954291E-2A0B-460D-934E-DC6B0785DB48}") = "Screener.MobileApp", "Screener.MobileApp\Screener.MobileApp\Screener.MobileApp.shproj", "{054016CB-021B-4DB5-9836-063E581F2881}"
EndProject
Project("{D954291E-2A0B-460D-934E-DC6B0785DB48}") = "Screener.Core", "Screener.Core\Screener.Core.shproj", "{97815644-DCB1-4D4E-9EF2-6FDFBB7FA2B3}"
EndProject
Project("{D954291E-2A0B-460D-934E-DC6B0785DB48}") = "Screener.Client", "Screener.Client\Screener.Client.shproj", "{C87FD734-85E2-47E7-911B-608106D045DE}"
EndProject
Project("{FAE04EC0-301F-11D3-BF4B-00C04F79EFBC}") = "Screener.Core.Win", "Screener.Core.Win\Screener.Core.Win.csproj", "{0D14CBC1-EAFA-4F4E-A628-8CB8D5EC2B9C}"
EndProject
Global
	GlobalSection(SharedMSBuildProjectFiles) = preSolution
		Screener.MobileApp\Screener.MobileApp\Screener.MobileApp.projitems*{054016cb-021b-4db5-9836-063e581f2881}*SharedItemsImports = 13
		Screener.Core\Screener.Core.projitems*{0d14cbc1-eafa-4f4e-a628-8cb8d5ec2b9c}*SharedItemsImports = 4
		Screener.Client\Screener.Client.projitems*{14f92425-fa39-4861-a00c-f9f8b7184ca4}*SharedItemsImports = 4
		Screener.Core\Screener.Core.projitems*{14f92425-fa39-4861-a00c-f9f8b7184ca4}*SharedItemsImports = 4
		Screener.MobileApp\Screener.MobileApp\Screener.MobileApp.projitems*{14f92425-fa39-4861-a00c-f9f8b7184ca4}*SharedItemsImports = 4
		Screener.Client\Screener.Client.projitems*{31570ba0-58b4-4e2a-9e07-f8a2995989ec}*SharedItemsImports = 4
		Screener.Core\Screener.Core.projitems*{31570ba0-58b4-4e2a-9e07-f8a2995989ec}*SharedItemsImports = 4
		Screener.MobileApp\Screener.MobileApp\Screener.MobileApp.projitems*{31570ba0-58b4-4e2a-9e07-f8a2995989ec}*SharedItemsImports = 4
		Screener.Client\Screener.Client.projitems*{3cdd341b-4b54-457c-aca6-9b81fcd7593f}*SharedItemsImports = 4
		Screener.Core\Screener.Core.projitems*{3cdd341b-4b54-457c-aca6-9b81fcd7593f}*SharedItemsImports = 4
		Screener.MobileApp\Screener.MobileApp\Screener.MobileApp.projitems*{3cdd341b-4b54-457c-aca6-9b81fcd7593f}*SharedItemsImports = 4
		Screener.Core\Screener.Core.projitems*{97815644-dcb1-4d4e-9ef2-6fdfbb7fa2b3}*SharedItemsImports = 13
		Screener.Client\Screener.Client.projitems*{c87fd734-85e2-47e7-911b-608106d045de}*SharedItemsImports = 13
		Screener.Client\Screener.Client.projitems*{d1e0c3ae-a447-4f05-9e84-f4fa61b30027}*SharedItemsImports = 4
	EndGlobalSection
	GlobalSection(SolutionConfigurationPlatforms) = preSolution
		Ad-Hoc|Any CPU = Ad-Hoc|Any CPU
		Ad-Hoc|ARM = Ad-Hoc|ARM
		Ad-Hoc|iPhone = Ad-Hoc|iPhone
		Ad-Hoc|iPhoneSimulator = Ad-Hoc|iPhoneSimulator
		Ad-Hoc|x64 = Ad-Hoc|x64
		Ad-Hoc|x86 = Ad-Hoc|x86
		AppStore|Any CPU = AppStore|Any CPU
		AppStore|ARM = AppStore|ARM
		AppStore|iPhone = AppStore|iPhone
		AppStore|iPhoneSimulator = AppStore|iPhoneSimulator
		AppStore|x64 = AppStore|x64
		AppStore|x86 = AppStore|x86
		Debug|Any CPU = Debug|Any CPU
		Debug|ARM = Debug|ARM
		Debug|iPhone = Debug|iPhone
		Debug|iPhoneSimulator = Debug|iPhoneSimulator
		Debug|x64 = Debug|x64
		Debug|x86 = Debug|x86
		Release|Any CPU = Release|Any CPU
		Release|ARM = Release|ARM
		Release|iPhone = Release|iPhone
		Release|iPhoneSimulator = Release|iPhoneSimulator
		Release|x64 = Release|x64
		Release|x86 = Release|x86
	EndGlobalSection
	GlobalSection(ProjectConfigurationPlatforms) = postSolution
		{E0DA2674-7F6D-47C8-8299-9D50B72DAF29}.Ad-Hoc|Any CPU.ActiveCfg = Release|Any CPU
		{E0DA2674-7F6D-47C8-8299-9D50B72DAF29}.Ad-Hoc|Any CPU.Build.0 = Release|Any CPU
		{E0DA2674-7F6D-47C8-8299-9D50B72DAF29}.Ad-Hoc|ARM.ActiveCfg = Release|Any CPU
		{E0DA2674-7F6D-47C8-8299-9D50B72DAF29}.Ad-Hoc|ARM.Build.0 = Release|Any CPU
		{E0DA2674-7F6D-47C8-8299-9D50B72DAF29}.Ad-Hoc|iPhone.ActiveCfg = Release|Any CPU
		{E0DA2674-7F6D-47C8-8299-9D50B72DAF29}.Ad-Hoc|iPhone.Build.0 = Release|Any CPU
		{E0DA2674-7F6D-47C8-8299-9D50B72DAF29}.Ad-Hoc|iPhoneSimulator.ActiveCfg = Release|Any CPU
		{E0DA2674-7F6D-47C8-8299-9D50B72DAF29}.Ad-Hoc|iPhoneSimulator.Build.0 = Release|Any CPU
		{E0DA2674-7F6D-47C8-8299-9D50B72DAF29}.Ad-Hoc|x64.ActiveCfg = Release|Any CPU
		{E0DA2674-7F6D-47C8-8299-9D50B72DAF29}.Ad-Hoc|x64.Build.0 = Release|Any CPU
		{E0DA2674-7F6D-47C8-8299-9D50B72DAF29}.Ad-Hoc|x86.ActiveCfg = Release|Any CPU
		{E0DA2674-7F6D-47C8-8299-9D50B72DAF29}.Ad-Hoc|x86.Build.0 = Release|Any CPU
		{E0DA2674-7F6D-47C8-8299-9D50B72DAF29}.AppStore|Any CPU.ActiveCfg = Release|Any CPU
		{E0DA2674-7F6D-47C8-8299-9D50B72DAF29}.AppStore|Any CPU.Build.0 = Release|Any CPU
		{E0DA2674-7F6D-47C8-8299-9D50B72DAF29}.AppStore|ARM.ActiveCfg = Release|Any CPU
		{E0DA2674-7F6D-47C8-8299-9D50B72DAF29}.AppStore|ARM.Build.0 = Release|Any CPU
		{E0DA2674-7F6D-47C8-8299-9D50B72DAF29}.AppStore|iPhone.ActiveCfg = Release|Any CPU
		{E0DA2674-7F6D-47C8-8299-9D50B72DAF29}.AppStore|iPhone.Build.0 = Release|Any CPU
		{E0DA2674-7F6D-47C8-8299-9D50B72DAF29}.AppStore|iPhoneSimulator.ActiveCfg = Release|Any CPU
		{E0DA2674-7F6D-47C8-8299-9D50B72DAF29}.AppStore|iPhoneSimulator.Build.0 = Release|Any CPU
		{E0DA2674-7F6D-47C8-8299-9D50B72DAF29}.AppStore|x64.ActiveCfg = Release|Any CPU
		{E0DA2674-7F6D-47C8-8299-9D50B72DAF29}.AppStore|x64.Build.0 = Release|Any CPU
		{E0DA2674-7F6D-47C8-8299-9D50B72DAF29}.AppStore|x86.ActiveCfg = Release|Any CPU
		{E0DA2674-7F6D-47C8-8299-9D50B72DAF29}.AppStore|x86.Build.0 = Release|Any CPU
		{E0DA2674-7F6D-47C8-8299-9D50B72DAF29}.Debug|Any CPU.ActiveCfg = Debug|Any CPU
		{E0DA2674-7F6D-47C8-8299-9D50B72DAF29}.Debug|Any CPU.Build.0 = Debug|Any CPU
		{E0DA2674-7F6D-47C8-8299-9D50B72DAF29}.Debug|ARM.ActiveCfg = Debug|Any CPU
		{E0DA2674-7F6D-47C8-8299-9D50B72DAF29}.Debug|ARM.Build.0 = Debug|Any CPU
		{E0DA2674-7F6D-47C8-8299-9D50B72DAF29}.Debug|iPhone.ActiveCfg = Debug|Any CPU
		{E0DA2674-7F6D-47C8-8299-9D50B72DAF29}.Debug|iPhone.Build.0 = Debug|Any CPU
		{E0DA2674-7F6D-47C8-8299-9D50B72DAF29}.Debug|iPhoneSimulator.ActiveCfg = Debug|Any CPU
		{E0DA2674-7F6D-47C8-8299-9D50B72DAF29}.Debug|iPhoneSimulator.Build.0 = Debug|Any CPU
		{E0DA2674-7F6D-47C8-8299-9D50B72DAF29}.Debug|x64.ActiveCfg = Debug|Any CPU
		{E0DA2674-7F6D-47C8-8299-9D50B72DAF29}.Debug|x64.Build.0 = Debug|Any CPU
		{E0DA2674-7F6D-47C8-8299-9D50B72DAF29}.Debug|x86.ActiveCfg = Debug|Any CPU
		{E0DA2674-7F6D-47C8-8299-9D50B72DAF29}.Debug|x86.Build.0 = Debug|Any CPU
		{E0DA2674-7F6D-47C8-8299-9D50B72DAF29}.Release|Any CPU.ActiveCfg = Release|Any CPU
		{E0DA2674-7F6D-47C8-8299-9D50B72DAF29}.Release|Any CPU.Build.0 = Release|Any CPU
		{E0DA2674-7F6D-47C8-8299-9D50B72DAF29}.Release|ARM.ActiveCfg = Release|Any CPU
		{E0DA2674-7F6D-47C8-8299-9D50B72DAF29}.Release|ARM.Build.0 = Release|Any CPU
		{E0DA2674-7F6D-47C8-8299-9D50B72DAF29}.Release|iPhone.ActiveCfg = Release|Any CPU
		{E0DA2674-7F6D-47C8-8299-9D50B72DAF29}.Release|iPhone.Build.0 = Release|Any CPU
		{E0DA2674-7F6D-47C8-8299-9D50B72DAF29}.Release|iPhoneSimulator.ActiveCfg = Release|Any CPU
		{E0DA2674-7F6D-47C8-8299-9D50B72DAF29}.Release|iPhoneSimulator.Build.0 = Release|Any CPU
		{E0DA2674-7F6D-47C8-8299-9D50B72DAF29}.Release|x64.ActiveCfg = Release|Any CPU
		{E0DA2674-7F6D-47C8-8299-9D50B72DAF29}.Release|x64.Build.0 = Release|Any CPU
		{E0DA2674-7F6D-47C8-8299-9D50B72DAF29}.Release|x86.ActiveCfg = Release|Any CPU
		{E0DA2674-7F6D-47C8-8299-9D50B72DAF29}.Release|x86.Build.0 = Release|Any CPU
		{BF662DF8-313D-4B42-AEAF-B6A6C0B1B25E}.Ad-Hoc|Any CPU.ActiveCfg = Release|Any CPU
		{BF662DF8-313D-4B42-AEAF-B6A6C0B1B25E}.Ad-Hoc|Any CPU.Build.0 = Release|Any CPU
		{BF662DF8-313D-4B42-AEAF-B6A6C0B1B25E}.Ad-Hoc|ARM.ActiveCfg = Release|Any CPU
		{BF662DF8-313D-4B42-AEAF-B6A6C0B1B25E}.Ad-Hoc|ARM.Build.0 = Release|Any CPU
		{BF662DF8-313D-4B42-AEAF-B6A6C0B1B25E}.Ad-Hoc|iPhone.ActiveCfg = Release|Any CPU
		{BF662DF8-313D-4B42-AEAF-B6A6C0B1B25E}.Ad-Hoc|iPhone.Build.0 = Release|Any CPU
		{BF662DF8-313D-4B42-AEAF-B6A6C0B1B25E}.Ad-Hoc|iPhoneSimulator.ActiveCfg = Release|Any CPU
		{BF662DF8-313D-4B42-AEAF-B6A6C0B1B25E}.Ad-Hoc|iPhoneSimulator.Build.0 = Release|Any CPU
		{BF662DF8-313D-4B42-AEAF-B6A6C0B1B25E}.Ad-Hoc|x64.ActiveCfg = Release|Any CPU
		{BF662DF8-313D-4B42-AEAF-B6A6C0B1B25E}.Ad-Hoc|x64.Build.0 = Release|Any CPU
		{BF662DF8-313D-4B42-AEAF-B6A6C0B1B25E}.Ad-Hoc|x86.ActiveCfg = Release|Any CPU
		{BF662DF8-313D-4B42-AEAF-B6A6C0B1B25E}.Ad-Hoc|x86.Build.0 = Release|Any CPU
		{BF662DF8-313D-4B42-AEAF-B6A6C0B1B25E}.AppStore|Any CPU.ActiveCfg = Release|Any CPU
		{BF662DF8-313D-4B42-AEAF-B6A6C0B1B25E}.AppStore|Any CPU.Build.0 = Release|Any CPU
		{BF662DF8-313D-4B42-AEAF-B6A6C0B1B25E}.AppStore|ARM.ActiveCfg = Release|Any CPU
		{BF662DF8-313D-4B42-AEAF-B6A6C0B1B25E}.AppStore|ARM.Build.0 = Release|Any CPU
		{BF662DF8-313D-4B42-AEAF-B6A6C0B1B25E}.AppStore|iPhone.ActiveCfg = Release|Any CPU
		{BF662DF8-313D-4B42-AEAF-B6A6C0B1B25E}.AppStore|iPhone.Build.0 = Release|Any CPU
		{BF662DF8-313D-4B42-AEAF-B6A6C0B1B25E}.AppStore|iPhoneSimulator.ActiveCfg = Release|Any CPU
		{BF662DF8-313D-4B42-AEAF-B6A6C0B1B25E}.AppStore|iPhoneSimulator.Build.0 = Release|Any CPU
		{BF662DF8-313D-4B42-AEAF-B6A6C0B1B25E}.AppStore|x64.ActiveCfg = Release|Any CPU
		{BF662DF8-313D-4B42-AEAF-B6A6C0B1B25E}.AppStore|x64.Build.0 = Release|Any CPU
		{BF662DF8-313D-4B42-AEAF-B6A6C0B1B25E}.AppStore|x86.ActiveCfg = Release|Any CPU
		{BF662DF8-313D-4B42-AEAF-B6A6C0B1B25E}.AppStore|x86.Build.0 = Release|Any CPU
		{BF662DF8-313D-4B42-AEAF-B6A6C0B1B25E}.Debug|Any CPU.ActiveCfg = Debug|Any CPU
		{BF662DF8-313D-4B42-AEAF-B6A6C0B1B25E}.Debug|Any CPU.Build.0 = Debug|Any CPU
		{BF662DF8-313D-4B42-AEAF-B6A6C0B1B25E}.Debug|ARM.ActiveCfg = Debug|Any CPU
		{BF662DF8-313D-4B42-AEAF-B6A6C0B1B25E}.Debug|ARM.Build.0 = Debug|Any CPU
		{BF662DF8-313D-4B42-AEAF-B6A6C0B1B25E}.Debug|iPhone.ActiveCfg = Debug|Any CPU
		{BF662DF8-313D-4B42-AEAF-B6A6C0B1B25E}.Debug|iPhone.Build.0 = Debug|Any CPU
		{BF662DF8-313D-4B42-AEAF-B6A6C0B1B25E}.Debug|iPhoneSimulator.ActiveCfg = Debug|Any CPU
		{BF662DF8-313D-4B42-AEAF-B6A6C0B1B25E}.Debug|iPhoneSimulator.Build.0 = Debug|Any CPU
		{BF662DF8-313D-4B42-AEAF-B6A6C0B1B25E}.Debug|x64.ActiveCfg = Debug|Any CPU
		{BF662DF8-313D-4B42-AEAF-B6A6C0B1B25E}.Debug|x64.Build.0 = Debug|Any CPU
		{BF662DF8-313D-4B42-AEAF-B6A6C0B1B25E}.Debug|x86.ActiveCfg = Debug|Any CPU
		{BF662DF8-313D-4B42-AEAF-B6A6C0B1B25E}.Debug|x86.Build.0 = Debug|Any CPU
		{BF662DF8-313D-4B42-AEAF-B6A6C0B1B25E}.Release|Any CPU.ActiveCfg = Release|Any CPU
		{BF662DF8-313D-4B42-AEAF-B6A6C0B1B25E}.Release|Any CPU.Build.0 = Release|Any CPU
		{BF662DF8-313D-4B42-AEAF-B6A6C0B1B25E}.Release|ARM.ActiveCfg = Release|Any CPU
		{BF662DF8-313D-4B42-AEAF-B6A6C0B1B25E}.Release|ARM.Build.0 = Release|Any CPU
		{BF662DF8-313D-4B42-AEAF-B6A6C0B1B25E}.Release|iPhone.ActiveCfg = Release|Any CPU
		{BF662DF8-313D-4B42-AEAF-B6A6C0B1B25E}.Release|iPhone.Build.0 = Release|Any CPU
		{BF662DF8-313D-4B42-AEAF-B6A6C0B1B25E}.Release|iPhoneSimulator.ActiveCfg = Release|Any CPU
		{BF662DF8-313D-4B42-AEAF-B6A6C0B1B25E}.Release|iPhoneSimulator.Build.0 = Release|Any CPU
		{BF662DF8-313D-4B42-AEAF-B6A6C0B1B25E}.Release|x64.ActiveCfg = Release|Any CPU
		{BF662DF8-313D-4B42-AEAF-B6A6C0B1B25E}.Release|x64.Build.0 = Release|Any CPU
		{BF662DF8-313D-4B42-AEAF-B6A6C0B1B25E}.Release|x86.ActiveCfg = Release|Any CPU
		{BF662DF8-313D-4B42-AEAF-B6A6C0B1B25E}.Release|x86.Build.0 = Release|Any CPU
		{D1E0C3AE-A447-4F05-9E84-F4FA61B30027}.Ad-Hoc|Any CPU.ActiveCfg = Release|Any CPU
		{D1E0C3AE-A447-4F05-9E84-F4FA61B30027}.Ad-Hoc|Any CPU.Build.0 = Release|Any CPU
		{D1E0C3AE-A447-4F05-9E84-F4FA61B30027}.Ad-Hoc|ARM.ActiveCfg = Release|Any CPU
		{D1E0C3AE-A447-4F05-9E84-F4FA61B30027}.Ad-Hoc|ARM.Build.0 = Release|Any CPU
		{D1E0C3AE-A447-4F05-9E84-F4FA61B30027}.Ad-Hoc|iPhone.ActiveCfg = Release|Any CPU
		{D1E0C3AE-A447-4F05-9E84-F4FA61B30027}.Ad-Hoc|iPhone.Build.0 = Release|Any CPU
		{D1E0C3AE-A447-4F05-9E84-F4FA61B30027}.Ad-Hoc|iPhoneSimulator.ActiveCfg = Release|Any CPU
		{D1E0C3AE-A447-4F05-9E84-F4FA61B30027}.Ad-Hoc|iPhoneSimulator.Build.0 = Release|Any CPU
		{D1E0C3AE-A447-4F05-9E84-F4FA61B30027}.Ad-Hoc|x64.ActiveCfg = Release|Any CPU
		{D1E0C3AE-A447-4F05-9E84-F4FA61B30027}.Ad-Hoc|x64.Build.0 = Release|Any CPU
		{D1E0C3AE-A447-4F05-9E84-F4FA61B30027}.Ad-Hoc|x86.ActiveCfg = Release|Any CPU
		{D1E0C3AE-A447-4F05-9E84-F4FA61B30027}.Ad-Hoc|x86.Build.0 = Release|Any CPU
		{D1E0C3AE-A447-4F05-9E84-F4FA61B30027}.AppStore|Any CPU.ActiveCfg = Release|Any CPU
		{D1E0C3AE-A447-4F05-9E84-F4FA61B30027}.AppStore|Any CPU.Build.0 = Release|Any CPU
		{D1E0C3AE-A447-4F05-9E84-F4FA61B30027}.AppStore|ARM.ActiveCfg = Release|Any CPU
		{D1E0C3AE-A447-4F05-9E84-F4FA61B30027}.AppStore|ARM.Build.0 = Release|Any CPU
		{D1E0C3AE-A447-4F05-9E84-F4FA61B30027}.AppStore|iPhone.ActiveCfg = Release|Any CPU
		{D1E0C3AE-A447-4F05-9E84-F4FA61B30027}.AppStore|iPhone.Build.0 = Release|Any CPU
		{D1E0C3AE-A447-4F05-9E84-F4FA61B30027}.AppStore|iPhoneSimulator.ActiveCfg = Release|Any CPU
		{D1E0C3AE-A447-4F05-9E84-F4FA61B30027}.AppStore|iPhoneSimulator.Build.0 = Release|Any CPU
		{D1E0C3AE-A447-4F05-9E84-F4FA61B30027}.AppStore|x64.ActiveCfg = Release|Any CPU
		{D1E0C3AE-A447-4F05-9E84-F4FA61B30027}.AppStore|x64.Build.0 = Release|Any CPU
		{D1E0C3AE-A447-4F05-9E84-F4FA61B30027}.AppStore|x86.ActiveCfg = Release|Any CPU
		{D1E0C3AE-A447-4F05-9E84-F4FA61B30027}.AppStore|x86.Build.0 = Release|Any CPU
		{D1E0C3AE-A447-4F05-9E84-F4FA61B30027}.Debug|Any CPU.ActiveCfg = Debug|Any CPU
		{D1E0C3AE-A447-4F05-9E84-F4FA61B30027}.Debug|Any CPU.Build.0 = Debug|Any CPU
		{D1E0C3AE-A447-4F05-9E84-F4FA61B30027}.Debug|ARM.ActiveCfg = Debug|Any CPU
		{D1E0C3AE-A447-4F05-9E84-F4FA61B30027}.Debug|ARM.Build.0 = Debug|Any CPU
		{D1E0C3AE-A447-4F05-9E84-F4FA61B30027}.Debug|iPhone.ActiveCfg = Debug|Any CPU
		{D1E0C3AE-A447-4F05-9E84-F4FA61B30027}.Debug|iPhone.Build.0 = Debug|Any CPU
		{D1E0C3AE-A447-4F05-9E84-F4FA61B30027}.Debug|iPhoneSimulator.ActiveCfg = Debug|Any CPU
		{D1E0C3AE-A447-4F05-9E84-F4FA61B30027}.Debug|iPhoneSimulator.Build.0 = Debug|Any CPU
		{D1E0C3AE-A447-4F05-9E84-F4FA61B30027}.Debug|x64.ActiveCfg = Debug|Any CPU
		{D1E0C3AE-A447-4F05-9E84-F4FA61B30027}.Debug|x64.Build.0 = Debug|Any CPU
		{D1E0C3AE-A447-4F05-9E84-F4FA61B30027}.Debug|x86.ActiveCfg = Debug|Any CPU
		{D1E0C3AE-A447-4F05-9E84-F4FA61B30027}.Debug|x86.Build.0 = Debug|Any CPU
		{D1E0C3AE-A447-4F05-9E84-F4FA61B30027}.Release|Any CPU.ActiveCfg = Release|Any CPU
		{D1E0C3AE-A447-4F05-9E84-F4FA61B30027}.Release|Any CPU.Build.0 = Release|Any CPU
		{D1E0C3AE-A447-4F05-9E84-F4FA61B30027}.Release|ARM.ActiveCfg = Release|Any CPU
		{D1E0C3AE-A447-4F05-9E84-F4FA61B30027}.Release|ARM.Build.0 = Release|Any CPU
		{D1E0C3AE-A447-4F05-9E84-F4FA61B30027}.Release|iPhone.ActiveCfg = Release|Any CPU
		{D1E0C3AE-A447-4F05-9E84-F4FA61B30027}.Release|iPhone.Build.0 = Release|Any CPU
		{D1E0C3AE-A447-4F05-9E84-F4FA61B30027}.Release|iPhoneSimulator.ActiveCfg = Release|Any CPU
		{D1E0C3AE-A447-4F05-9E84-F4FA61B30027}.Release|iPhoneSimulator.Build.0 = Release|Any CPU
		{D1E0C3AE-A447-4F05-9E84-F4FA61B30027}.Release|x64.ActiveCfg = Release|Any CPU
		{D1E0C3AE-A447-4F05-9E84-F4FA61B30027}.Release|x64.Build.0 = Release|Any CPU
		{D1E0C3AE-A447-4F05-9E84-F4FA61B30027}.Release|x86.ActiveCfg = Release|Any CPU
		{D1E0C3AE-A447-4F05-9E84-F4FA61B30027}.Release|x86.Build.0 = Release|Any CPU
		{3CDD341B-4B54-457C-ACA6-9B81FCD7593F}.Ad-Hoc|Any CPU.ActiveCfg = Release|Any CPU
		{3CDD341B-4B54-457C-ACA6-9B81FCD7593F}.Ad-Hoc|Any CPU.Build.0 = Release|Any CPU
		{3CDD341B-4B54-457C-ACA6-9B81FCD7593F}.Ad-Hoc|Any CPU.Deploy.0 = Release|Any CPU
		{3CDD341B-4B54-457C-ACA6-9B81FCD7593F}.Ad-Hoc|ARM.ActiveCfg = Release|Any CPU
		{3CDD341B-4B54-457C-ACA6-9B81FCD7593F}.Ad-Hoc|ARM.Build.0 = Release|Any CPU
		{3CDD341B-4B54-457C-ACA6-9B81FCD7593F}.Ad-Hoc|ARM.Deploy.0 = Release|Any CPU
		{3CDD341B-4B54-457C-ACA6-9B81FCD7593F}.Ad-Hoc|iPhone.ActiveCfg = Release|Any CPU
		{3CDD341B-4B54-457C-ACA6-9B81FCD7593F}.Ad-Hoc|iPhone.Build.0 = Release|Any CPU
		{3CDD341B-4B54-457C-ACA6-9B81FCD7593F}.Ad-Hoc|iPhone.Deploy.0 = Release|Any CPU
		{3CDD341B-4B54-457C-ACA6-9B81FCD7593F}.Ad-Hoc|iPhoneSimulator.ActiveCfg = Release|Any CPU
		{3CDD341B-4B54-457C-ACA6-9B81FCD7593F}.Ad-Hoc|iPhoneSimulator.Build.0 = Release|Any CPU
		{3CDD341B-4B54-457C-ACA6-9B81FCD7593F}.Ad-Hoc|iPhoneSimulator.Deploy.0 = Release|Any CPU
		{3CDD341B-4B54-457C-ACA6-9B81FCD7593F}.Ad-Hoc|x64.ActiveCfg = Release|Any CPU
		{3CDD341B-4B54-457C-ACA6-9B81FCD7593F}.Ad-Hoc|x64.Build.0 = Release|Any CPU
		{3CDD341B-4B54-457C-ACA6-9B81FCD7593F}.Ad-Hoc|x64.Deploy.0 = Release|Any CPU
		{3CDD341B-4B54-457C-ACA6-9B81FCD7593F}.Ad-Hoc|x86.ActiveCfg = Release|Any CPU
		{3CDD341B-4B54-457C-ACA6-9B81FCD7593F}.Ad-Hoc|x86.Build.0 = Release|Any CPU
		{3CDD341B-4B54-457C-ACA6-9B81FCD7593F}.Ad-Hoc|x86.Deploy.0 = Release|Any CPU
		{3CDD341B-4B54-457C-ACA6-9B81FCD7593F}.AppStore|Any CPU.ActiveCfg = Release|Any CPU
		{3CDD341B-4B54-457C-ACA6-9B81FCD7593F}.AppStore|Any CPU.Build.0 = Release|Any CPU
		{3CDD341B-4B54-457C-ACA6-9B81FCD7593F}.AppStore|Any CPU.Deploy.0 = Release|Any CPU
		{3CDD341B-4B54-457C-ACA6-9B81FCD7593F}.AppStore|ARM.ActiveCfg = Release|Any CPU
		{3CDD341B-4B54-457C-ACA6-9B81FCD7593F}.AppStore|ARM.Build.0 = Release|Any CPU
		{3CDD341B-4B54-457C-ACA6-9B81FCD7593F}.AppStore|ARM.Deploy.0 = Release|Any CPU
		{3CDD341B-4B54-457C-ACA6-9B81FCD7593F}.AppStore|iPhone.ActiveCfg = Release|Any CPU
		{3CDD341B-4B54-457C-ACA6-9B81FCD7593F}.AppStore|iPhone.Build.0 = Release|Any CPU
		{3CDD341B-4B54-457C-ACA6-9B81FCD7593F}.AppStore|iPhone.Deploy.0 = Release|Any CPU
		{3CDD341B-4B54-457C-ACA6-9B81FCD7593F}.AppStore|iPhoneSimulator.ActiveCfg = Release|Any CPU
		{3CDD341B-4B54-457C-ACA6-9B81FCD7593F}.AppStore|iPhoneSimulator.Build.0 = Release|Any CPU
		{3CDD341B-4B54-457C-ACA6-9B81FCD7593F}.AppStore|iPhoneSimulator.Deploy.0 = Release|Any CPU
		{3CDD341B-4B54-457C-ACA6-9B81FCD7593F}.AppStore|x64.ActiveCfg = Release|Any CPU
		{3CDD341B-4B54-457C-ACA6-9B81FCD7593F}.AppStore|x64.Build.0 = Release|Any CPU
		{3CDD341B-4B54-457C-ACA6-9B81FCD7593F}.AppStore|x64.Deploy.0 = Release|Any CPU
		{3CDD341B-4B54-457C-ACA6-9B81FCD7593F}.AppStore|x86.ActiveCfg = Release|Any CPU
		{3CDD341B-4B54-457C-ACA6-9B81FCD7593F}.AppStore|x86.Build.0 = Release|Any CPU
		{3CDD341B-4B54-457C-ACA6-9B81FCD7593F}.AppStore|x86.Deploy.0 = Release|Any CPU
		{3CDD341B-4B54-457C-ACA6-9B81FCD7593F}.Debug|Any CPU.ActiveCfg = Debug|Any CPU
		{3CDD341B-4B54-457C-ACA6-9B81FCD7593F}.Debug|Any CPU.Build.0 = Debug|Any CPU
		{3CDD341B-4B54-457C-ACA6-9B81FCD7593F}.Debug|Any CPU.Deploy.0 = Debug|Any CPU
		{3CDD341B-4B54-457C-ACA6-9B81FCD7593F}.Debug|ARM.ActiveCfg = Debug|Any CPU
		{3CDD341B-4B54-457C-ACA6-9B81FCD7593F}.Debug|ARM.Build.0 = Debug|Any CPU
		{3CDD341B-4B54-457C-ACA6-9B81FCD7593F}.Debug|ARM.Deploy.0 = Debug|Any CPU
		{3CDD341B-4B54-457C-ACA6-9B81FCD7593F}.Debug|iPhone.ActiveCfg = Debug|Any CPU
		{3CDD341B-4B54-457C-ACA6-9B81FCD7593F}.Debug|iPhone.Build.0 = Debug|Any CPU
		{3CDD341B-4B54-457C-ACA6-9B81FCD7593F}.Debug|iPhone.Deploy.0 = Debug|Any CPU
		{3CDD341B-4B54-457C-ACA6-9B81FCD7593F}.Debug|iPhoneSimulator.ActiveCfg = Debug|Any CPU
		{3CDD341B-4B54-457C-ACA6-9B81FCD7593F}.Debug|iPhoneSimulator.Build.0 = Debug|Any CPU
		{3CDD341B-4B54-457C-ACA6-9B81FCD7593F}.Debug|iPhoneSimulator.Deploy.0 = Debug|Any CPU
		{3CDD341B-4B54-457C-ACA6-9B81FCD7593F}.Debug|x64.ActiveCfg = Debug|Any CPU
		{3CDD341B-4B54-457C-ACA6-9B81FCD7593F}.Debug|x64.Build.0 = Debug|Any CPU
		{3CDD341B-4B54-457C-ACA6-9B81FCD7593F}.Debug|x64.Deploy.0 = Debug|Any CPU
		{3CDD341B-4B54-457C-ACA6-9B81FCD7593F}.Debug|x86.ActiveCfg = Debug|Any CPU
		{3CDD341B-4B54-457C-ACA6-9B81FCD7593F}.Debug|x86.Build.0 = Debug|Any CPU
		{3CDD341B-4B54-457C-ACA6-9B81FCD7593F}.Debug|x86.Deploy.0 = Debug|Any CPU
		{3CDD341B-4B54-457C-ACA6-9B81FCD7593F}.Release|Any CPU.ActiveCfg = Release|Any CPU
		{3CDD341B-4B54-457C-ACA6-9B81FCD7593F}.Release|Any CPU.Build.0 = Release|Any CPU
		{3CDD341B-4B54-457C-ACA6-9B81FCD7593F}.Release|Any CPU.Deploy.0 = Release|Any CPU
		{3CDD341B-4B54-457C-ACA6-9B81FCD7593F}.Release|ARM.ActiveCfg = Release|Any CPU
		{3CDD341B-4B54-457C-ACA6-9B81FCD7593F}.Release|ARM.Build.0 = Release|Any CPU
		{3CDD341B-4B54-457C-ACA6-9B81FCD7593F}.Release|ARM.Deploy.0 = Release|Any CPU
		{3CDD341B-4B54-457C-ACA6-9B81FCD7593F}.Release|iPhone.ActiveCfg = Release|Any CPU
		{3CDD341B-4B54-457C-ACA6-9B81FCD7593F}.Release|iPhone.Build.0 = Release|Any CPU
		{3CDD341B-4B54-457C-ACA6-9B81FCD7593F}.Release|iPhone.Deploy.0 = Release|Any CPU
		{3CDD341B-4B54-457C-ACA6-9B81FCD7593F}.Release|iPhoneSimulator.ActiveCfg = Release|Any CPU
		{3CDD341B-4B54-457C-ACA6-9B81FCD7593F}.Release|iPhoneSimulator.Build.0 = Release|Any CPU
		{3CDD341B-4B54-457C-ACA6-9B81FCD7593F}.Release|iPhoneSimulator.Deploy.0 = Release|Any CPU
		{3CDD341B-4B54-457C-ACA6-9B81FCD7593F}.Release|x64.ActiveCfg = Release|Any CPU
		{3CDD341B-4B54-457C-ACA6-9B81FCD7593F}.Release|x64.Build.0 = Release|Any CPU
		{3CDD341B-4B54-457C-ACA6-9B81FCD7593F}.Release|x64.Deploy.0 = Release|Any CPU
		{3CDD341B-4B54-457C-ACA6-9B81FCD7593F}.Release|x86.ActiveCfg = Release|Any CPU
		{3CDD341B-4B54-457C-ACA6-9B81FCD7593F}.Release|x86.Build.0 = Release|Any CPU
		{3CDD341B-4B54-457C-ACA6-9B81FCD7593F}.Release|x86.Deploy.0 = Release|Any CPU
		{31570BA0-58B4-4E2A-9E07-F8A2995989EC}.Ad-Hoc|Any CPU.ActiveCfg = Ad-Hoc|iPhone
		{31570BA0-58B4-4E2A-9E07-F8A2995989EC}.Ad-Hoc|ARM.ActiveCfg = Ad-Hoc|iPhone
		{31570BA0-58B4-4E2A-9E07-F8A2995989EC}.Ad-Hoc|iPhone.ActiveCfg = Ad-Hoc|iPhone
		{31570BA0-58B4-4E2A-9E07-F8A2995989EC}.Ad-Hoc|iPhone.Build.0 = Ad-Hoc|iPhone
		{31570BA0-58B4-4E2A-9E07-F8A2995989EC}.Ad-Hoc|iPhoneSimulator.ActiveCfg = Ad-Hoc|iPhoneSimulator
		{31570BA0-58B4-4E2A-9E07-F8A2995989EC}.Ad-Hoc|iPhoneSimulator.Build.0 = Ad-Hoc|iPhoneSimulator
		{31570BA0-58B4-4E2A-9E07-F8A2995989EC}.Ad-Hoc|x64.ActiveCfg = Ad-Hoc|iPhone
		{31570BA0-58B4-4E2A-9E07-F8A2995989EC}.Ad-Hoc|x86.ActiveCfg = Ad-Hoc|iPhone
		{31570BA0-58B4-4E2A-9E07-F8A2995989EC}.AppStore|Any CPU.ActiveCfg = AppStore|iPhone
		{31570BA0-58B4-4E2A-9E07-F8A2995989EC}.AppStore|ARM.ActiveCfg = AppStore|iPhone
		{31570BA0-58B4-4E2A-9E07-F8A2995989EC}.AppStore|iPhone.ActiveCfg = AppStore|iPhone
		{31570BA0-58B4-4E2A-9E07-F8A2995989EC}.AppStore|iPhone.Build.0 = AppStore|iPhone
		{31570BA0-58B4-4E2A-9E07-F8A2995989EC}.AppStore|iPhoneSimulator.ActiveCfg = AppStore|iPhoneSimulator
		{31570BA0-58B4-4E2A-9E07-F8A2995989EC}.AppStore|iPhoneSimulator.Build.0 = AppStore|iPhoneSimulator
		{31570BA0-58B4-4E2A-9E07-F8A2995989EC}.AppStore|x64.ActiveCfg = AppStore|iPhone
		{31570BA0-58B4-4E2A-9E07-F8A2995989EC}.AppStore|x86.ActiveCfg = AppStore|iPhone
		{31570BA0-58B4-4E2A-9E07-F8A2995989EC}.Debug|Any CPU.ActiveCfg = Debug|iPhone
		{31570BA0-58B4-4E2A-9E07-F8A2995989EC}.Debug|ARM.ActiveCfg = Debug|iPhone
		{31570BA0-58B4-4E2A-9E07-F8A2995989EC}.Debug|iPhone.ActiveCfg = Debug|iPhone
		{31570BA0-58B4-4E2A-9E07-F8A2995989EC}.Debug|iPhone.Build.0 = Debug|iPhone
		{31570BA0-58B4-4E2A-9E07-F8A2995989EC}.Debug|iPhoneSimulator.ActiveCfg = Debug|iPhoneSimulator
		{31570BA0-58B4-4E2A-9E07-F8A2995989EC}.Debug|iPhoneSimulator.Build.0 = Debug|iPhoneSimulator
		{31570BA0-58B4-4E2A-9E07-F8A2995989EC}.Debug|x64.ActiveCfg = Debug|iPhone
		{31570BA0-58B4-4E2A-9E07-F8A2995989EC}.Debug|x86.ActiveCfg = Debug|iPhone
		{31570BA0-58B4-4E2A-9E07-F8A2995989EC}.Release|Any CPU.ActiveCfg = Release|iPhone
		{31570BA0-58B4-4E2A-9E07-F8A2995989EC}.Release|ARM.ActiveCfg = Release|iPhone
		{31570BA0-58B4-4E2A-9E07-F8A2995989EC}.Release|iPhone.ActiveCfg = Release|iPhone
		{31570BA0-58B4-4E2A-9E07-F8A2995989EC}.Release|iPhone.Build.0 = Release|iPhone
		{31570BA0-58B4-4E2A-9E07-F8A2995989EC}.Release|iPhoneSimulator.ActiveCfg = Release|iPhoneSimulator
		{31570BA0-58B4-4E2A-9E07-F8A2995989EC}.Release|iPhoneSimulator.Build.0 = Release|iPhoneSimulator
		{31570BA0-58B4-4E2A-9E07-F8A2995989EC}.Release|x64.ActiveCfg = Release|iPhone
		{31570BA0-58B4-4E2A-9E07-F8A2995989EC}.Release|x86.ActiveCfg = Release|iPhone
		{14F92425-FA39-4861-A00C-F9F8B7184CA4}.Ad-Hoc|Any CPU.ActiveCfg = Release|x86
		{14F92425-FA39-4861-A00C-F9F8B7184CA4}.Ad-Hoc|Any CPU.Build.0 = Release|x86
		{14F92425-FA39-4861-A00C-F9F8B7184CA4}.Ad-Hoc|Any CPU.Deploy.0 = Release|x86
		{14F92425-FA39-4861-A00C-F9F8B7184CA4}.Ad-Hoc|ARM.ActiveCfg = Release|ARM
		{14F92425-FA39-4861-A00C-F9F8B7184CA4}.Ad-Hoc|ARM.Build.0 = Release|ARM
		{14F92425-FA39-4861-A00C-F9F8B7184CA4}.Ad-Hoc|ARM.Deploy.0 = Release|ARM
		{14F92425-FA39-4861-A00C-F9F8B7184CA4}.Ad-Hoc|iPhone.ActiveCfg = Release|x86
		{14F92425-FA39-4861-A00C-F9F8B7184CA4}.Ad-Hoc|iPhone.Build.0 = Release|x86
		{14F92425-FA39-4861-A00C-F9F8B7184CA4}.Ad-Hoc|iPhone.Deploy.0 = Release|x86
		{14F92425-FA39-4861-A00C-F9F8B7184CA4}.Ad-Hoc|iPhoneSimulator.ActiveCfg = Release|x86
		{14F92425-FA39-4861-A00C-F9F8B7184CA4}.Ad-Hoc|iPhoneSimulator.Build.0 = Release|x86
		{14F92425-FA39-4861-A00C-F9F8B7184CA4}.Ad-Hoc|iPhoneSimulator.Deploy.0 = Release|x86
		{14F92425-FA39-4861-A00C-F9F8B7184CA4}.Ad-Hoc|x64.ActiveCfg = Release|x64
		{14F92425-FA39-4861-A00C-F9F8B7184CA4}.Ad-Hoc|x64.Build.0 = Release|x64
		{14F92425-FA39-4861-A00C-F9F8B7184CA4}.Ad-Hoc|x64.Deploy.0 = Release|x64
		{14F92425-FA39-4861-A00C-F9F8B7184CA4}.Ad-Hoc|x86.ActiveCfg = Release|x86
		{14F92425-FA39-4861-A00C-F9F8B7184CA4}.Ad-Hoc|x86.Build.0 = Release|x86
		{14F92425-FA39-4861-A00C-F9F8B7184CA4}.Ad-Hoc|x86.Deploy.0 = Release|x86
		{14F92425-FA39-4861-A00C-F9F8B7184CA4}.AppStore|Any CPU.ActiveCfg = Release|x86
		{14F92425-FA39-4861-A00C-F9F8B7184CA4}.AppStore|Any CPU.Build.0 = Release|x86
		{14F92425-FA39-4861-A00C-F9F8B7184CA4}.AppStore|Any CPU.Deploy.0 = Release|x86
		{14F92425-FA39-4861-A00C-F9F8B7184CA4}.AppStore|ARM.ActiveCfg = Release|ARM
		{14F92425-FA39-4861-A00C-F9F8B7184CA4}.AppStore|ARM.Build.0 = Release|ARM
		{14F92425-FA39-4861-A00C-F9F8B7184CA4}.AppStore|ARM.Deploy.0 = Release|ARM
		{14F92425-FA39-4861-A00C-F9F8B7184CA4}.AppStore|iPhone.ActiveCfg = Release|x86
		{14F92425-FA39-4861-A00C-F9F8B7184CA4}.AppStore|iPhone.Build.0 = Release|x86
		{14F92425-FA39-4861-A00C-F9F8B7184CA4}.AppStore|iPhone.Deploy.0 = Release|x86
		{14F92425-FA39-4861-A00C-F9F8B7184CA4}.AppStore|iPhoneSimulator.ActiveCfg = Release|x86
		{14F92425-FA39-4861-A00C-F9F8B7184CA4}.AppStore|iPhoneSimulator.Build.0 = Release|x86
		{14F92425-FA39-4861-A00C-F9F8B7184CA4}.AppStore|iPhoneSimulator.Deploy.0 = Release|x86
		{14F92425-FA39-4861-A00C-F9F8B7184CA4}.AppStore|x64.ActiveCfg = Release|x64
		{14F92425-FA39-4861-A00C-F9F8B7184CA4}.AppStore|x64.Build.0 = Release|x64
		{14F92425-FA39-4861-A00C-F9F8B7184CA4}.AppStore|x64.Deploy.0 = Release|x64
		{14F92425-FA39-4861-A00C-F9F8B7184CA4}.AppStore|x86.ActiveCfg = Release|x86
		{14F92425-FA39-4861-A00C-F9F8B7184CA4}.AppStore|x86.Build.0 = Release|x86
		{14F92425-FA39-4861-A00C-F9F8B7184CA4}.AppStore|x86.Deploy.0 = Release|x86
		{14F92425-FA39-4861-A00C-F9F8B7184CA4}.Debug|Any CPU.ActiveCfg = Debug|x86
		{14F92425-FA39-4861-A00C-F9F8B7184CA4}.Debug|ARM.ActiveCfg = Debug|ARM
		{14F92425-FA39-4861-A00C-F9F8B7184CA4}.Debug|ARM.Build.0 = Debug|ARM
		{14F92425-FA39-4861-A00C-F9F8B7184CA4}.Debug|ARM.Deploy.0 = Debug|ARM
		{14F92425-FA39-4861-A00C-F9F8B7184CA4}.Debug|iPhone.ActiveCfg = Debug|x86
		{14F92425-FA39-4861-A00C-F9F8B7184CA4}.Debug|iPhoneSimulator.ActiveCfg = Debug|x86
		{14F92425-FA39-4861-A00C-F9F8B7184CA4}.Debug|x64.ActiveCfg = Debug|x64
		{14F92425-FA39-4861-A00C-F9F8B7184CA4}.Debug|x64.Build.0 = Debug|x64
		{14F92425-FA39-4861-A00C-F9F8B7184CA4}.Debug|x64.Deploy.0 = Debug|x64
		{14F92425-FA39-4861-A00C-F9F8B7184CA4}.Debug|x86.ActiveCfg = Debug|x86
		{14F92425-FA39-4861-A00C-F9F8B7184CA4}.Debug|x86.Build.0 = Debug|x86
		{14F92425-FA39-4861-A00C-F9F8B7184CA4}.Debug|x86.Deploy.0 = Debug|x86
		{14F92425-FA39-4861-A00C-F9F8B7184CA4}.Release|Any CPU.ActiveCfg = Release|x86
		{14F92425-FA39-4861-A00C-F9F8B7184CA4}.Release|ARM.ActiveCfg = Release|ARM
		{14F92425-FA39-4861-A00C-F9F8B7184CA4}.Release|ARM.Build.0 = Release|ARM
		{14F92425-FA39-4861-A00C-F9F8B7184CA4}.Release|ARM.Deploy.0 = Release|ARM
		{14F92425-FA39-4861-A00C-F9F8B7184CA4}.Release|iPhone.ActiveCfg = Release|x86
		{14F92425-FA39-4861-A00C-F9F8B7184CA4}.Release|iPhoneSimulator.ActiveCfg = Release|x86
		{14F92425-FA39-4861-A00C-F9F8B7184CA4}.Release|x64.ActiveCfg = Release|x64
		{14F92425-FA39-4861-A00C-F9F8B7184CA4}.Release|x64.Build.0 = Release|x64
		{14F92425-FA39-4861-A00C-F9F8B7184CA4}.Release|x64.Deploy.0 = Release|x64
		{14F92425-FA39-4861-A00C-F9F8B7184CA4}.Release|x86.ActiveCfg = Release|x86
		{14F92425-FA39-4861-A00C-F9F8B7184CA4}.Release|x86.Build.0 = Release|x86
		{14F92425-FA39-4861-A00C-F9F8B7184CA4}.Release|x86.Deploy.0 = Release|x86
		{0D14CBC1-EAFA-4F4E-A628-8CB8D5EC2B9C}.Ad-Hoc|Any CPU.ActiveCfg = Release|Any CPU
		{0D14CBC1-EAFA-4F4E-A628-8CB8D5EC2B9C}.Ad-Hoc|Any CPU.Build.0 = Release|Any CPU
		{0D14CBC1-EAFA-4F4E-A628-8CB8D5EC2B9C}.Ad-Hoc|ARM.ActiveCfg = Release|Any CPU
		{0D14CBC1-EAFA-4F4E-A628-8CB8D5EC2B9C}.Ad-Hoc|ARM.Build.0 = Release|Any CPU
		{0D14CBC1-EAFA-4F4E-A628-8CB8D5EC2B9C}.Ad-Hoc|iPhone.ActiveCfg = Release|Any CPU
		{0D14CBC1-EAFA-4F4E-A628-8CB8D5EC2B9C}.Ad-Hoc|iPhone.Build.0 = Release|Any CPU
		{0D14CBC1-EAFA-4F4E-A628-8CB8D5EC2B9C}.Ad-Hoc|iPhoneSimulator.ActiveCfg = Release|Any CPU
		{0D14CBC1-EAFA-4F4E-A628-8CB8D5EC2B9C}.Ad-Hoc|iPhoneSimulator.Build.0 = Release|Any CPU
		{0D14CBC1-EAFA-4F4E-A628-8CB8D5EC2B9C}.Ad-Hoc|x64.ActiveCfg = Release|Any CPU
		{0D14CBC1-EAFA-4F4E-A628-8CB8D5EC2B9C}.Ad-Hoc|x64.Build.0 = Release|Any CPU
		{0D14CBC1-EAFA-4F4E-A628-8CB8D5EC2B9C}.Ad-Hoc|x86.ActiveCfg = Release|Any CPU
		{0D14CBC1-EAFA-4F4E-A628-8CB8D5EC2B9C}.Ad-Hoc|x86.Build.0 = Release|Any CPU
		{0D14CBC1-EAFA-4F4E-A628-8CB8D5EC2B9C}.AppStore|Any CPU.ActiveCfg = Release|Any CPU
		{0D14CBC1-EAFA-4F4E-A628-8CB8D5EC2B9C}.AppStore|Any CPU.Build.0 = Release|Any CPU
		{0D14CBC1-EAFA-4F4E-A628-8CB8D5EC2B9C}.AppStore|ARM.ActiveCfg = Release|Any CPU
		{0D14CBC1-EAFA-4F4E-A628-8CB8D5EC2B9C}.AppStore|ARM.Build.0 = Release|Any CPU
		{0D14CBC1-EAFA-4F4E-A628-8CB8D5EC2B9C}.AppStore|iPhone.ActiveCfg = Release|Any CPU
		{0D14CBC1-EAFA-4F4E-A628-8CB8D5EC2B9C}.AppStore|iPhone.Build.0 = Release|Any CPU
		{0D14CBC1-EAFA-4F4E-A628-8CB8D5EC2B9C}.AppStore|iPhoneSimulator.ActiveCfg = Release|Any CPU
		{0D14CBC1-EAFA-4F4E-A628-8CB8D5EC2B9C}.AppStore|iPhoneSimulator.Build.0 = Release|Any CPU
		{0D14CBC1-EAFA-4F4E-A628-8CB8D5EC2B9C}.AppStore|x64.ActiveCfg = Release|Any CPU
		{0D14CBC1-EAFA-4F4E-A628-8CB8D5EC2B9C}.AppStore|x64.Build.0 = Release|Any CPU
		{0D14CBC1-EAFA-4F4E-A628-8CB8D5EC2B9C}.AppStore|x86.ActiveCfg = Release|Any CPU
		{0D14CBC1-EAFA-4F4E-A628-8CB8D5EC2B9C}.AppStore|x86.Build.0 = Release|Any CPU
		{0D14CBC1-EAFA-4F4E-A628-8CB8D5EC2B9C}.Debug|Any CPU.ActiveCfg = Debug|Any CPU
		{0D14CBC1-EAFA-4F4E-A628-8CB8D5EC2B9C}.Debug|Any CPU.Build.0 = Debug|Any CPU
		{0D14CBC1-EAFA-4F4E-A628-8CB8D5EC2B9C}.Debug|ARM.ActiveCfg = Debug|Any CPU
		{0D14CBC1-EAFA-4F4E-A628-8CB8D5EC2B9C}.Debug|ARM.Build.0 = Debug|Any CPU
		{0D14CBC1-EAFA-4F4E-A628-8CB8D5EC2B9C}.Debug|iPhone.ActiveCfg = Debug|Any CPU
		{0D14CBC1-EAFA-4F4E-A628-8CB8D5EC2B9C}.Debug|iPhone.Build.0 = Debug|Any CPU
		{0D14CBC1-EAFA-4F4E-A628-8CB8D5EC2B9C}.Debug|iPhoneSimulator.ActiveCfg = Debug|Any CPU
		{0D14CBC1-EAFA-4F4E-A628-8CB8D5EC2B9C}.Debug|iPhoneSimulator.Build.0 = Debug|Any CPU
		{0D14CBC1-EAFA-4F4E-A628-8CB8D5EC2B9C}.Debug|x64.ActiveCfg = Debug|Any CPU
		{0D14CBC1-EAFA-4F4E-A628-8CB8D5EC2B9C}.Debug|x64.Build.0 = Debug|Any CPU
		{0D14CBC1-EAFA-4F4E-A628-8CB8D5EC2B9C}.Debug|x86.ActiveCfg = Debug|Any CPU
		{0D14CBC1-EAFA-4F4E-A628-8CB8D5EC2B9C}.Debug|x86.Build.0 = Debug|Any CPU
		{0D14CBC1-EAFA-4F4E-A628-8CB8D5EC2B9C}.Release|Any CPU.ActiveCfg = Release|Any CPU
		{0D14CBC1-EAFA-4F4E-A628-8CB8D5EC2B9C}.Release|Any CPU.Build.0 = Release|Any CPU
		{0D14CBC1-EAFA-4F4E-A628-8CB8D5EC2B9C}.Release|ARM.ActiveCfg = Release|Any CPU
		{0D14CBC1-EAFA-4F4E-A628-8CB8D5EC2B9C}.Release|ARM.Build.0 = Release|Any CPU
		{0D14CBC1-EAFA-4F4E-A628-8CB8D5EC2B9C}.Release|iPhone.ActiveCfg = Release|Any CPU
		{0D14CBC1-EAFA-4F4E-A628-8CB8D5EC2B9C}.Release|iPhone.Build.0 = Release|Any CPU
		{0D14CBC1-EAFA-4F4E-A628-8CB8D5EC2B9C}.Release|iPhoneSimulator.ActiveCfg = Release|Any CPU
		{0D14CBC1-EAFA-4F4E-A628-8CB8D5EC2B9C}.Release|iPhoneSimulator.Build.0 = Release|Any CPU
		{0D14CBC1-EAFA-4F4E-A628-8CB8D5EC2B9C}.Release|x64.ActiveCfg = Release|Any CPU
		{0D14CBC1-EAFA-4F4E-A628-8CB8D5EC2B9C}.Release|x64.Build.0 = Release|Any CPU
		{0D14CBC1-EAFA-4F4E-A628-8CB8D5EC2B9C}.Release|x86.ActiveCfg = Release|Any CPU
		{0D14CBC1-EAFA-4F4E-A628-8CB8D5EC2B9C}.Release|x86.Build.0 = Release|Any CPU
	EndGlobalSection
	GlobalSection(SolutionProperties) = preSolution
		HideSolutionNode = FALSE
	EndGlobalSection
	GlobalSection(ExtensibilityGlobals) = postSolution
		SolutionGuid = {9C18116D-F300-40E7-8624-A59B073DBDE6}
	EndGlobalSection
EndGlobal
